{
  "name": "learning-node",
  "version": "1.0.0",
  "lockfileVersion": 1,
  "requires": true,
  "dependencies": {
    "superheroes": {
      "version": "3.0.0",
      "resolved": "https://artifactory.ext.national.com.au:443/artifactory/api/npm/node-new-virtual/superheroes/-/superheroes-3.0.0.tgz",
      "integrity": "sha1-WpT6an24epXdV7oaWs1eHaq62UE=",
      "requires": {
        "unique-random-array": "^2.0.0"
      }
    },
    "supervillains": {
      "version": "3.0.0",
      "resolved": "https://artifactory.ext.national.com.au:443/artifactory/api/npm/node-new-virtual/supervillains/-/supervillains-3.0.0.tgz",
      "integrity": "sha1-qohi/cKdyl9i8YArb1ydjm+9H04=",
      "requires": {
        "unique-random-array": "^2.0.0"
      }
    },
    "unique-random": {
      "version": "2.1.0",
      "resolved": "https://artifactory.ext.national.com.au:443/artifactory/api/npm/node-new-virtual/unique-random/-/unique-random-2.1.0.tgz",
      "integrity": "sha1-eoQT2lF20ChWcWi1cSWsXAzsXCU="
    },
    "unique-random-array": {
      "version": "2.0.0",
      "resolved": "https://artifactory.ext.national.com.au:443/artifactory/api/npm/node-new-virtual/unique-random-array/-/unique-random-array-2.0.0.tgz",
      "integrity": "sha1-nmObGp3BQelzUKb8bxfaSwcXsa0=",
      "requires": {
        "unique-random": "^2.1.0"
      }
    }
  }
}
